
Microsoft Visual Studio Solution File, Format Version 12.00
# Visual Studio 2012
Project("{FAE04EC0-301F-11D3-BF4B-00C04F79EFBC}") = "ClientTest", "ClientTest\ClientTest.csproj", "{607952F3-1AB5-4D26-A4AE-3857DB6D3CE6}"
EndProject
Global
	GlobalSection(SolutionConfigurationPlatforms) = preSolution
		Debug|Any CPU = Debug|Any CPU
		Release|Any CPU = Release|Any CPU
	EndGlobalSection
	GlobalSection(ProjectConfigurationPlatforms) = postSolution
		{607952F3-1AB5-4D26-A4AE-3857DB6D3CE6}.Debug|Any CPU.ActiveCfg = Debug|Any CPU
		{607952F3-1AB5-4D26-A4AE-3857DB6D3CE6}.Debug|Any CPU.Build.0 = Debug|Any CPU
		{607952F3-1AB5-4D26-A4AE-3857DB6D3CE6}.Release|Any CPU.ActiveCfg = Release|Any CPU
		{607952F3-1AB5-4D26-A4AE-3857DB6D3CE6}.Release|Any CPU.Build.0 = Release|Any CPU
	EndGlobalSection
	GlobalSection(SolutionProperties) = preSolution
		HideSolutionNode = FALSE
	EndGlobalSection
EndGlobal
